<?xml version="1.0" encoding="UTF-8"?>
<!DOCTYPE plist PUBLIC "-//Apple//DTD PLIST 1.0//EN" "http://www.apple.com/DTDs/PropertyList-1.0.dtd">
<plist version="1.0">
<dict>
	<key>archiveVersion</key>
	<string>1</string>
	<key>classes</key>
	<dict/>
	<key>objectVersion</key>
	<string>46</string>
	<key>objects</key>
	<dict>
		<key>11E82D4211F647D7B6A7D3BA</key>
		<dict>
			<key>fileRef</key>
			<string>870FA36FEBEC4475A1B68205</string>
			<key>isa</key>
			<string>PBXBuildFile</string>
		</dict>
		<key>220A709518A5DDC6008C22F5</key>
		<dict>
			<key>fileEncoding</key>
			<string>4</string>
			<key>isa</key>
			<string>PBXFileReference</string>
			<key>lastKnownFileType</key>
			<string>sourcecode.c.h</string>
			<key>path</key>
			<string>TRNServer.h</string>
			<key>sourceTree</key>
			<string>&lt;group&gt;</string>
		</dict>
		<key>220A709618A5DDC6008C22F5</key>
		<dict>
			<key>fileEncoding</key>
			<string>4</string>
			<key>isa</key>
			<string>PBXFileReference</string>
			<key>lastKnownFileType</key>
			<string>sourcecode.c.objc</string>
			<key>path</key>
			<string>TRNServer.m</string>
			<key>sourceTree</key>
			<string>&lt;group&gt;</string>
		</dict>
		<key>220A709718A5DDC6008C22F5</key>
		<dict>
			<key>fileRef</key>
			<string>220A709618A5DDC6008C22F5</string>
			<key>isa</key>
			<string>PBXBuildFile</string>
		</dict>
		<key>220A709818A5DEE2008C22F5</key>
		<dict>
			<key>fileEncoding</key>
			<string>4</string>
			<key>isa</key>
			<string>PBXFileReference</string>
			<key>lastKnownFileType</key>
			<string>sourcecode.c.h</string>
			<key>path</key>
			<string>TRNTorrent.h</string>
			<key>sourceTree</key>
			<string>&lt;group&gt;</string>
		</dict>
		<key>220A709918A5DEE2008C22F5</key>
		<dict>
			<key>fileEncoding</key>
			<string>4</string>
			<key>isa</key>
			<string>PBXFileReference</string>
			<key>lastKnownFileType</key>
			<string>sourcecode.c.objc</string>
			<key>path</key>
			<string>TRNTorrent.m</string>
			<key>sourceTree</key>
			<string>&lt;group&gt;</string>
		</dict>
		<key>220A709A18A5DEE2008C22F5</key>
		<dict>
			<key>fileRef</key>
			<string>220A709918A5DEE2008C22F5</string>
			<key>isa</key>
			<string>PBXBuildFile</string>
		</dict>
		<key>220A709B18A5E039008C22F5</key>
		<dict>
			<key>fileEncoding</key>
			<string>4</string>
			<key>isa</key>
			<string>PBXFileReference</string>
			<key>lastKnownFileType</key>
			<string>sourcecode.c.h</string>
			<key>path</key>
			<string>TRNWindowController.h</string>
			<key>sourceTree</key>
			<string>&lt;group&gt;</string>
		</dict>
		<key>220A709C18A5E039008C22F5</key>
		<dict>
			<key>fileEncoding</key>
			<string>4</string>
			<key>isa</key>
			<string>PBXFileReference</string>
			<key>lastKnownFileType</key>
			<string>sourcecode.c.objc</string>
			<key>path</key>
			<string>TRNWindowController.m</string>
			<key>sourceTree</key>
			<string>&lt;group&gt;</string>
		</dict>
		<key>220A709D18A5E039008C22F5</key>
		<dict>
			<key>fileRef</key>
			<string>220A709C18A5E039008C22F5</string>
			<key>isa</key>
			<string>PBXBuildFile</string>
		</dict>
		<key>220A709E18A5E103008C22F5</key>
		<dict>
			<key>fileEncoding</key>
			<string>4</string>
			<key>isa</key>
			<string>PBXFileReference</string>
			<key>lastKnownFileType</key>
			<string>file.xib</string>
			<key>path</key>
			<string>TRNWindowController.xib</string>
			<key>sourceTree</key>
			<string>&lt;group&gt;</string>
		</dict>
		<key>220A709F18A5E103008C22F5</key>
		<dict>
			<key>fileRef</key>
			<string>220A709E18A5E103008C22F5</string>
			<key>isa</key>
			<string>PBXBuildFile</string>
		</dict>
		<key>220A70A018A5F092008C22F5</key>
		<dict>
			<key>fileEncoding</key>
			<string>4</string>
			<key>isa</key>
			<string>PBXFileReference</string>
			<key>lastKnownFileType</key>
			<string>sourcecode.c.h</string>
			<key>path</key>
			<string>TRNJSONRPCClient.h</string>
			<key>sourceTree</key>
			<string>&lt;group&gt;</string>
		</dict>
		<key>220A70A118A5F092008C22F5</key>
		<dict>
			<key>fileEncoding</key>
			<string>4</string>
			<key>isa</key>
			<string>PBXFileReference</string>
			<key>lastKnownFileType</key>
			<string>sourcecode.c.objc</string>
			<key>path</key>
			<string>TRNJSONRPCClient.m</string>
			<key>sourceTree</key>
			<string>&lt;group&gt;</string>
		</dict>
		<key>220A70A218A5F092008C22F5</key>
		<dict>
			<key>fileRef</key>
			<string>220A70A118A5F092008C22F5</string>
			<key>isa</key>
			<string>PBXBuildFile</string>
		</dict>
		<key>229CEB2919110F11004DC29C</key>
		<dict>
			<key>fileEncoding</key>
			<string>4</string>
			<key>isa</key>
			<string>PBXFileReference</string>
			<key>lastKnownFileType</key>
			<string>text.plist.xml</string>
			<key>path</key>
			<string>Defaults.plist</string>
			<key>sourceTree</key>
			<string>&lt;group&gt;</string>
		</dict>
		<key>229CEB2A19110F11004DC29C</key>
		<dict>
			<key>fileRef</key>
			<string>229CEB2919110F11004DC29C</string>
			<key>isa</key>
			<string>PBXBuildFile</string>
		</dict>
		<key>229CEB2B1911FB52004DC29C</key>
		<dict>
			<key>fileEncoding</key>
			<string>4</string>
			<key>isa</key>
			<string>PBXFileReference</string>
			<key>lastKnownFileType</key>
			<string>sourcecode.c.h</string>
			<key>path</key>
			<string>TRNTheMovieDBClient.h</string>
			<key>sourceTree</key>
			<string>&lt;group&gt;</string>
		</dict>
		<key>229CEB2C1911FB52004DC29C</key>
		<dict>
			<key>fileEncoding</key>
			<string>4</string>
			<key>isa</key>
			<string>PBXFileReference</string>
			<key>lastKnownFileType</key>
			<string>sourcecode.c.objc</string>
			<key>path</key>
			<string>TRNTheMovieDBClient.m</string>
			<key>sourceTree</key>
			<string>&lt;group&gt;</string>
		</dict>
		<key>229CEB2D1911FB52004DC29C</key>
		<dict>
			<key>fileRef</key>
			<string>229CEB2C1911FB52004DC29C</string>
			<key>isa</key>
			<string>PBXBuildFile</string>
		</dict>
		<key>22B9DC8818A5D58B003F5056</key>
		<dict>
			<key>children</key>
			<array>
				<string>22B9DC9A18A5D58B003F5056</string>
				<string>22B9DCB818A5D58C003F5056</string>
				<string>22B9DC9318A5D58B003F5056</string>
				<string>22B9DC9218A5D58B003F5056</string>
				<string>F5E298BC815D5272AAB2EE42</string>
			</array>
			<key>isa</key>
			<string>PBXGroup</string>
			<key>sourceTree</key>
			<string>&lt;group&gt;</string>
		</dict>
		<key>22B9DC8918A5D58B003F5056</key>
		<dict>
			<key>attributes</key>
			<dict>
				<key>CLASSPREFIX</key>
				<string>TRN</string>
				<key>LastUpgradeCheck</key>
				<string>0500</string>
				<key>ORGANIZATIONNAME</key>
				<string>Spotlight Kid</string>
				<key>TargetAttributes</key>
				<dict>
					<key>22B9DC9018A5D58B003F5056</key>
					<dict>
						<key>DevelopmentTeam</key>
						<string>9M28MQ9SZC</string>
					</dict>
					<key>22B9DCB118A5D58C003F5056</key>
					<dict>
						<key>TestTargetID</key>
						<string>22B9DC9018A5D58B003F5056</string>
					</dict>
				</dict>
			</dict>
			<key>buildConfigurationList</key>
			<string>22B9DC8C18A5D58B003F5056</string>
			<key>compatibilityVersion</key>
			<string>Xcode 3.2</string>
			<key>developmentRegion</key>
			<string>English</string>
			<key>hasScannedForEncodings</key>
			<string>0</string>
			<key>isa</key>
			<string>PBXProject</string>
			<key>knownRegions</key>
			<array>
				<string>en</string>
				<string>Base</string>
			</array>
			<key>mainGroup</key>
			<string>22B9DC8818A5D58B003F5056</string>
			<key>productRefGroup</key>
			<string>22B9DC9218A5D58B003F5056</string>
			<key>projectDirPath</key>
			<string></string>
			<key>projectReferences</key>
			<array/>
			<key>projectRoot</key>
			<string></string>
			<key>targets</key>
			<array>
				<string>22B9DC9018A5D58B003F5056</string>
				<string>22B9DCB118A5D58C003F5056</string>
				<string>22D10D5C1913DA4300209A79</string>
			</array>
		</dict>
		<key>22B9DC8C18A5D58B003F5056</key>
		<dict>
			<key>buildConfigurations</key>
			<array>
				<string>22B9DCC018A5D58C003F5056</string>
				<string>22B9DCC118A5D58C003F5056</string>
			</array>
			<key>defaultConfigurationIsVisible</key>
			<string>0</string>
			<key>defaultConfigurationName</key>
			<string>Release</string>
			<key>isa</key>
			<string>XCConfigurationList</string>
		</dict>
		<key>22B9DC8D18A5D58B003F5056</key>
		<dict>
			<key>buildActionMask</key>
			<string>2147483647</string>
			<key>files</key>
			<array>
				<string>22E844581920DC9F003456CD</string>
				<string>220A709718A5DDC6008C22F5</string>
				<string>220A70A218A5F092008C22F5</string>
				<string>229CEB2D1911FB52004DC29C</string>
				<string>220A709D18A5E039008C22F5</string>
				<string>220A709A18A5DEE2008C22F5</string>
				<string>22B9DCA118A5D58B003F5056</string>
				<string>22B9DCA818A5D58B003F5056</string>
			</array>
			<key>isa</key>
			<string>PBXSourcesBuildPhase</string>
			<key>runOnlyForDeploymentPostprocessing</key>
			<string>0</string>
		</dict>
		<key>22B9DC8E18A5D58B003F5056</key>
		<dict>
			<key>buildActionMask</key>
			<string>2147483647</string>
			<key>files</key>
			<array>
				<string>22B9DC9518A5D58B003F5056</string>
				<string>11E82D4211F647D7B6A7D3BA</string>
			</array>
			<key>isa</key>
			<string>PBXFrameworksBuildPhase</string>
			<key>runOnlyForDeploymentPostprocessing</key>
			<string>0</string>
		</dict>
		<key>22B9DC8F18A5D58B003F5056</key>
		<dict>
			<key>buildActionMask</key>
			<string>2147483647</string>
			<key>files</key>
			<array>
				<string>22B9DC9F18A5D58B003F5056</string>
				<string>220A709F18A5E103008C22F5</string>
				<string>229CEB2A19110F11004DC29C</string>
				<string>22B9DCAD18A5D58C003F5056</string>
				<string>22B9DCA518A5D58B003F5056</string>
				<string>22B9DCAB18A5D58C003F5056</string>
				<string>22D10D551913D93C00209A79</string>
			</array>
			<key>isa</key>
			<string>PBXResourcesBuildPhase</string>
			<key>runOnlyForDeploymentPostprocessing</key>
			<string>0</string>
		</dict>
		<key>22B9DC9018A5D58B003F5056</key>
		<dict>
			<key>buildConfigurationList</key>
			<string>22B9DCC218A5D58C003F5056</string>
			<key>buildPhases</key>
			<array>
				<string>559953F3FD1247C3AF7279CE</string>
				<string>22B9DC8D18A5D58B003F5056</string>
				<string>22B9DC8E18A5D58B003F5056</string>
				<string>22B9DC8F18A5D58B003F5056</string>
				<string>5D98EB75502347C1AFE7D8C7</string>
			</array>
			<key>buildRules</key>
			<array/>
			<key>dependencies</key>
			<array>
				<string>22D10D611913DA5800209A79</string>
			</array>
			<key>isa</key>
			<string>PBXNativeTarget</string>
			<key>name</key>
			<string>Transmote</string>
			<key>productName</key>
			<string>Transmote</string>
			<key>productReference</key>
			<string>22B9DC9118A5D58B003F5056</string>
			<key>productType</key>
			<string>com.apple.product-type.application</string>
		</dict>
		<key>22B9DC9118A5D58B003F5056</key>
		<dict>
			<key>explicitFileType</key>
			<string>wrapper.application</string>
			<key>includeInIndex</key>
			<string>0</string>
			<key>isa</key>
			<string>PBXFileReference</string>
			<key>path</key>
			<string>Transmote.app</string>
			<key>sourceTree</key>
			<string>BUILT_PRODUCTS_DIR</string>
		</dict>
		<key>22B9DC9218A5D58B003F5056</key>
		<dict>
			<key>children</key>
			<array>
				<string>22B9DC9118A5D58B003F5056</string>
				<string>22B9DCB218A5D58C003F5056</string>
			</array>
			<key>isa</key>
			<string>PBXGroup</string>
			<key>name</key>
			<string>Products</string>
			<key>sourceTree</key>
			<string>&lt;group&gt;</string>
		</dict>
		<key>22B9DC9318A5D58B003F5056</key>
		<dict>
			<key>children</key>
			<array>
				<string>22B9DC9418A5D58B003F5056</string>
				<string>22B9DCB318A5D58C003F5056</string>
				<string>22B9DC9618A5D58B003F5056</string>
				<string>870FA36FEBEC4475A1B68205</string>
			</array>
			<key>isa</key>
			<string>PBXGroup</string>
			<key>name</key>
			<string>Frameworks</string>
			<key>sourceTree</key>
			<string>&lt;group&gt;</string>
		</dict>
		<key>22B9DC9418A5D58B003F5056</key>
		<dict>
			<key>isa</key>
			<string>PBXFileReference</string>
			<key>lastKnownFileType</key>
			<string>wrapper.framework</string>
			<key>name</key>
			<string>Cocoa.framework</string>
			<key>path</key>
			<string>System/Library/Frameworks/Cocoa.framework</string>
			<key>sourceTree</key>
			<string>SDKROOT</string>
		</dict>
		<key>22B9DC9518A5D58B003F5056</key>
		<dict>
			<key>fileRef</key>
			<string>22B9DC9418A5D58B003F5056</string>
			<key>isa</key>
			<string>PBXBuildFile</string>
		</dict>
		<key>22B9DC9618A5D58B003F5056</key>
		<dict>
			<key>children</key>
			<array>
				<string>22B9DC9718A5D58B003F5056</string>
				<string>22B9DC9818A5D58B003F5056</string>
				<string>22B9DC9918A5D58B003F5056</string>
			</array>
			<key>isa</key>
			<string>PBXGroup</string>
			<key>name</key>
			<string>Other Frameworks</string>
			<key>sourceTree</key>
			<string>&lt;group&gt;</string>
		</dict>
		<key>22B9DC9718A5D58B003F5056</key>
		<dict>
			<key>isa</key>
			<string>PBXFileReference</string>
			<key>lastKnownFileType</key>
			<string>wrapper.framework</string>
			<key>name</key>
			<string>AppKit.framework</string>
			<key>path</key>
			<string>System/Library/Frameworks/AppKit.framework</string>
			<key>sourceTree</key>
			<string>SDKROOT</string>
		</dict>
		<key>22B9DC9818A5D58B003F5056</key>
		<dict>
			<key>isa</key>
			<string>PBXFileReference</string>
			<key>lastKnownFileType</key>
			<string>wrapper.framework</string>
			<key>name</key>
			<string>CoreData.framework</string>
			<key>path</key>
			<string>System/Library/Frameworks/CoreData.framework</string>
			<key>sourceTree</key>
			<string>SDKROOT</string>
		</dict>
		<key>22B9DC9918A5D58B003F5056</key>
		<dict>
			<key>isa</key>
			<string>PBXFileReference</string>
			<key>lastKnownFileType</key>
			<string>wrapper.framework</string>
			<key>name</key>
			<string>Foundation.framework</string>
			<key>path</key>
			<string>System/Library/Frameworks/Foundation.framework</string>
			<key>sourceTree</key>
			<string>SDKROOT</string>
		</dict>
		<key>22B9DC9A18A5D58B003F5056</key>
		<dict>
			<key>children</key>
			<array>
				<string>229CEB2919110F11004DC29C</string>
				<string>22D10D521913D00000209A79</string>
				<string>22B9DCA618A5D58B003F5056</string>
				<string>22B9DCA718A5D58B003F5056</string>
				<string>22B9DCA918A5D58C003F5056</string>
				<string>220A709B18A5E039008C22F5</string>
				<string>220A709C18A5E039008C22F5</string>
				<string>220A709E18A5E103008C22F5</string>
				<string>22E844541920DC42003456CD</string>
				<string>22E844551920DC4C003456CD</string>
				<string>22E844531920DC37003456CD</string>
				<string>22B9DCAC18A5D58C003F5056</string>
				<string>22B9DC9B18A5D58B003F5056</string>
			</array>
			<key>isa</key>
			<string>PBXGroup</string>
			<key>path</key>
			<string>Transmote</string>
			<key>sourceTree</key>
			<string>&lt;group&gt;</string>
		</dict>
		<key>22B9DC9B18A5D58B003F5056</key>
		<dict>
			<key>children</key>
			<array>
				<string>22D10D541913D93C00209A79</string>
				<string>22B9DC9C18A5D58B003F5056</string>
				<string>22B9DC9D18A5D58B003F5056</string>
				<string>22B9DCA018A5D58B003F5056</string>
				<string>22B9DCA218A5D58B003F5056</string>
				<string>22B9DCA318A5D58B003F5056</string>
			</array>
			<key>isa</key>
			<string>PBXGroup</string>
			<key>name</key>
			<string>Supporting Files</string>
			<key>sourceTree</key>
			<string>&lt;group&gt;</string>
		</dict>
		<key>22B9DC9C18A5D58B003F5056</key>
		<dict>
			<key>isa</key>
			<string>PBXFileReference</string>
			<key>lastKnownFileType</key>
			<string>text.plist.xml</string>
			<key>path</key>
			<string>Transmote-Info.plist</string>
			<key>sourceTree</key>
			<string>&lt;group&gt;</string>
		</dict>
		<key>22B9DC9D18A5D58B003F5056</key>
		<dict>
			<key>children</key>
			<array>
				<string>22B9DC9E18A5D58B003F5056</string>
			</array>
			<key>isa</key>
			<string>PBXVariantGroup</string>
			<key>name</key>
			<string>InfoPlist.strings</string>
			<key>sourceTree</key>
			<string>&lt;group&gt;</string>
		</dict>
		<key>22B9DC9E18A5D58B003F5056</key>
		<dict>
			<key>isa</key>
			<string>PBXFileReference</string>
			<key>lastKnownFileType</key>
			<string>text.plist.strings</string>
			<key>name</key>
			<string>en</string>
			<key>path</key>
			<string>en.lproj/InfoPlist.strings</string>
			<key>sourceTree</key>
			<string>&lt;group&gt;</string>
		</dict>
		<key>22B9DC9F18A5D58B003F5056</key>
		<dict>
			<key>fileRef</key>
			<string>22B9DC9D18A5D58B003F5056</string>
			<key>isa</key>
			<string>PBXBuildFile</string>
		</dict>
		<key>22B9DCA018A5D58B003F5056</key>
		<dict>
			<key>isa</key>
			<string>PBXFileReference</string>
			<key>lastKnownFileType</key>
			<string>sourcecode.c.objc</string>
			<key>path</key>
			<string>main.m</string>
			<key>sourceTree</key>
			<string>&lt;group&gt;</string>
		</dict>
		<key>22B9DCA118A5D58B003F5056</key>
		<dict>
			<key>fileRef</key>
			<string>22B9DCA018A5D58B003F5056</string>
			<key>isa</key>
			<string>PBXBuildFile</string>
		</dict>
		<key>22B9DCA218A5D58B003F5056</key>
		<dict>
			<key>isa</key>
			<string>PBXFileReference</string>
			<key>lastKnownFileType</key>
			<string>sourcecode.c.h</string>
			<key>path</key>
			<string>Transmote-Prefix.pch</string>
			<key>sourceTree</key>
			<string>&lt;group&gt;</string>
		</dict>
		<key>22B9DCA318A5D58B003F5056</key>
		<dict>
			<key>children</key>
			<array>
				<string>22B9DCA418A5D58B003F5056</string>
			</array>
			<key>isa</key>
			<string>PBXVariantGroup</string>
			<key>name</key>
			<string>Credits.rtf</string>
			<key>sourceTree</key>
			<string>&lt;group&gt;</string>
		</dict>
		<key>22B9DCA418A5D58B003F5056</key>
		<dict>
			<key>isa</key>
			<string>PBXFileReference</string>
			<key>lastKnownFileType</key>
			<string>text.rtf</string>
			<key>name</key>
			<string>en</string>
			<key>path</key>
			<string>en.lproj/Credits.rtf</string>
			<key>sourceTree</key>
			<string>&lt;group&gt;</string>
		</dict>
		<key>22B9DCA518A5D58B003F5056</key>
		<dict>
			<key>fileRef</key>
			<string>22B9DCA318A5D58B003F5056</string>
			<key>isa</key>
			<string>PBXBuildFile</string>
		</dict>
		<key>22B9DCA618A5D58B003F5056</key>
		<dict>
			<key>isa</key>
			<string>PBXFileReference</string>
			<key>lastKnownFileType</key>
			<string>sourcecode.c.h</string>
			<key>path</key>
			<string>TRNAppDelegate.h</string>
			<key>sourceTree</key>
			<string>&lt;group&gt;</string>
		</dict>
		<key>22B9DCA718A5D58B003F5056</key>
		<dict>
			<key>isa</key>
			<string>PBXFileReference</string>
			<key>lastKnownFileType</key>
			<string>sourcecode.c.objc</string>
			<key>path</key>
			<string>TRNAppDelegate.m</string>
			<key>sourceTree</key>
			<string>&lt;group&gt;</string>
		</dict>
		<key>22B9DCA818A5D58B003F5056</key>
		<dict>
			<key>fileRef</key>
			<string>22B9DCA718A5D58B003F5056</string>
			<key>isa</key>
			<string>PBXBuildFile</string>
		</dict>
		<key>22B9DCA918A5D58C003F5056</key>
		<dict>
			<key>children</key>
			<array>
				<string>22B9DCAA18A5D58C003F5056</string>
			</array>
			<key>isa</key>
			<string>PBXVariantGroup</string>
			<key>name</key>
			<string>MainMenu.xib</string>
			<key>sourceTree</key>
			<string>&lt;group&gt;</string>
		</dict>
		<key>22B9DCAA18A5D58C003F5056</key>
		<dict>
			<key>isa</key>
			<string>PBXFileReference</string>
			<key>lastKnownFileType</key>
			<string>file.xib</string>
			<key>name</key>
			<string>Base</string>
			<key>path</key>
			<string>Base.lproj/MainMenu.xib</string>
			<key>sourceTree</key>
			<string>&lt;group&gt;</string>
		</dict>
		<key>22B9DCAB18A5D58C003F5056</key>
		<dict>
			<key>fileRef</key>
			<string>22B9DCA918A5D58C003F5056</string>
			<key>isa</key>
			<string>PBXBuildFile</string>
		</dict>
		<key>22B9DCAC18A5D58C003F5056</key>
		<dict>
			<key>isa</key>
			<string>PBXFileReference</string>
			<key>lastKnownFileType</key>
			<string>folder.assetcatalog</string>
			<key>path</key>
			<string>Images.xcassets</string>
			<key>sourceTree</key>
			<string>&lt;group&gt;</string>
		</dict>
		<key>22B9DCAD18A5D58C003F5056</key>
		<dict>
			<key>fileRef</key>
			<string>22B9DCAC18A5D58C003F5056</string>
			<key>isa</key>
			<string>PBXBuildFile</string>
		</dict>
		<key>22B9DCAE18A5D58C003F5056</key>
		<dict>
			<key>buildActionMask</key>
			<string>2147483647</string>
			<key>files</key>
			<array>
				<string>22B9DCBF18A5D58C003F5056</string>
			</array>
			<key>isa</key>
			<string>PBXSourcesBuildPhase</string>
			<key>runOnlyForDeploymentPostprocessing</key>
			<string>0</string>
		</dict>
		<key>22B9DCAF18A5D58C003F5056</key>
		<dict>
			<key>buildActionMask</key>
			<string>2147483647</string>
			<key>files</key>
			<array>
				<string>22B9DCB518A5D58C003F5056</string>
				<string>22B9DCB418A5D58C003F5056</string>
			</array>
			<key>isa</key>
			<string>PBXFrameworksBuildPhase</string>
			<key>runOnlyForDeploymentPostprocessing</key>
			<string>0</string>
		</dict>
		<key>22B9DCB018A5D58C003F5056</key>
		<dict>
			<key>buildActionMask</key>
			<string>2147483647</string>
			<key>files</key>
			<array>
				<string>22B9DCBD18A5D58C003F5056</string>
			</array>
			<key>isa</key>
			<string>PBXResourcesBuildPhase</string>
			<key>runOnlyForDeploymentPostprocessing</key>
			<string>0</string>
		</dict>
		<key>22B9DCB118A5D58C003F5056</key>
		<dict>
			<key>buildConfigurationList</key>
			<string>22B9DCC518A5D58C003F5056</string>
			<key>buildPhases</key>
			<array>
				<string>22B9DCAE18A5D58C003F5056</string>
				<string>22B9DCAF18A5D58C003F5056</string>
				<string>22B9DCB018A5D58C003F5056</string>
			</array>
			<key>buildRules</key>
			<array/>
			<key>dependencies</key>
			<array>
				<string>22B9DCB718A5D58C003F5056</string>
			</array>
			<key>isa</key>
			<string>PBXNativeTarget</string>
			<key>name</key>
			<string>TransmoteTests</string>
			<key>productName</key>
			<string>TransmoteTests</string>
			<key>productReference</key>
			<string>22B9DCB218A5D58C003F5056</string>
			<key>productType</key>
			<string>com.apple.product-type.bundle.unit-test</string>
		</dict>
		<key>22B9DCB218A5D58C003F5056</key>
		<dict>
			<key>explicitFileType</key>
			<string>wrapper.cfbundle</string>
			<key>includeInIndex</key>
			<string>0</string>
			<key>isa</key>
			<string>PBXFileReference</string>
			<key>path</key>
			<string>TransmoteTests.xctest</string>
			<key>sourceTree</key>
			<string>BUILT_PRODUCTS_DIR</string>
		</dict>
		<key>22B9DCB318A5D58C003F5056</key>
		<dict>
			<key>isa</key>
			<string>PBXFileReference</string>
			<key>lastKnownFileType</key>
			<string>wrapper.framework</string>
			<key>name</key>
			<string>XCTest.framework</string>
			<key>path</key>
			<string>Library/Frameworks/XCTest.framework</string>
			<key>sourceTree</key>
			<string>DEVELOPER_DIR</string>
		</dict>
		<key>22B9DCB418A5D58C003F5056</key>
		<dict>
			<key>fileRef</key>
			<string>22B9DCB318A5D58C003F5056</string>
			<key>isa</key>
			<string>PBXBuildFile</string>
		</dict>
		<key>22B9DCB518A5D58C003F5056</key>
		<dict>
			<key>fileRef</key>
			<string>22B9DC9418A5D58B003F5056</string>
			<key>isa</key>
			<string>PBXBuildFile</string>
		</dict>
		<key>22B9DCB618A5D58C003F5056</key>
		<dict>
			<key>containerPortal</key>
			<string>22B9DC8918A5D58B003F5056</string>
			<key>isa</key>
			<string>PBXContainerItemProxy</string>
			<key>proxyType</key>
			<string>1</string>
			<key>remoteGlobalIDString</key>
			<string>22B9DC9018A5D58B003F5056</string>
			<key>remoteInfo</key>
			<string>Transmote</string>
		</dict>
		<key>22B9DCB718A5D58C003F5056</key>
		<dict>
			<key>isa</key>
			<string>PBXTargetDependency</string>
			<key>target</key>
			<string>22B9DC9018A5D58B003F5056</string>
			<key>targetProxy</key>
			<string>22B9DCB618A5D58C003F5056</string>
		</dict>
		<key>22B9DCB818A5D58C003F5056</key>
		<dict>
			<key>children</key>
			<array>
				<string>22B9DCBE18A5D58C003F5056</string>
				<string>22B9DCB918A5D58C003F5056</string>
			</array>
			<key>isa</key>
			<string>PBXGroup</string>
			<key>path</key>
			<string>TransmoteTests</string>
			<key>sourceTree</key>
			<string>&lt;group&gt;</string>
		</dict>
		<key>22B9DCB918A5D58C003F5056</key>
		<dict>
			<key>children</key>
			<array>
				<string>22B9DCBA18A5D58C003F5056</string>
				<string>22B9DCBB18A5D58C003F5056</string>
			</array>
			<key>isa</key>
			<string>PBXGroup</string>
			<key>name</key>
			<string>Supporting Files</string>
			<key>sourceTree</key>
			<string>&lt;group&gt;</string>
		</dict>
		<key>22B9DCBA18A5D58C003F5056</key>
		<dict>
			<key>isa</key>
			<string>PBXFileReference</string>
			<key>lastKnownFileType</key>
			<string>text.plist.xml</string>
			<key>path</key>
			<string>TransmoteTests-Info.plist</string>
			<key>sourceTree</key>
			<string>&lt;group&gt;</string>
		</dict>
		<key>22B9DCBB18A5D58C003F5056</key>
		<dict>
			<key>children</key>
			<array>
				<string>22B9DCBC18A5D58C003F5056</string>
			</array>
			<key>isa</key>
			<string>PBXVariantGroup</string>
			<key>name</key>
			<string>InfoPlist.strings</string>
			<key>sourceTree</key>
			<string>&lt;group&gt;</string>
		</dict>
		<key>22B9DCBC18A5D58C003F5056</key>
		<dict>
			<key>isa</key>
			<string>PBXFileReference</string>
			<key>lastKnownFileType</key>
			<string>text.plist.strings</string>
			<key>name</key>
			<string>en</string>
			<key>path</key>
			<string>en.lproj/InfoPlist.strings</string>
			<key>sourceTree</key>
			<string>&lt;group&gt;</string>
		</dict>
		<key>22B9DCBD18A5D58C003F5056</key>
		<dict>
			<key>fileRef</key>
			<string>22B9DCBB18A5D58C003F5056</string>
			<key>isa</key>
			<string>PBXBuildFile</string>
		</dict>
		<key>22B9DCBE18A5D58C003F5056</key>
		<dict>
			<key>isa</key>
			<string>PBXFileReference</string>
			<key>lastKnownFileType</key>
			<string>sourcecode.c.objc</string>
			<key>path</key>
			<string>TransmoteTests.m</string>
			<key>sourceTree</key>
			<string>&lt;group&gt;</string>
		</dict>
		<key>22B9DCBF18A5D58C003F5056</key>
		<dict>
			<key>fileRef</key>
			<string>22B9DCBE18A5D58C003F5056</string>
			<key>isa</key>
			<string>PBXBuildFile</string>
		</dict>
		<key>22B9DCC018A5D58C003F5056</key>
		<dict>
			<key>buildSettings</key>
			<dict>
				<key>ALWAYS_SEARCH_USER_PATHS</key>
				<string>NO</string>
				<key>CLANG_CXX_LANGUAGE_STANDARD</key>
				<string>gnu++0x</string>
				<key>CLANG_CXX_LIBRARY</key>
				<string>libc++</string>
				<key>CLANG_ENABLE_OBJC_ARC</key>
				<string>YES</string>
				<key>CLANG_WARN_BOOL_CONVERSION</key>
				<string>YES</string>
				<key>CLANG_WARN_CONSTANT_CONVERSION</key>
				<string>YES</string>
				<key>CLANG_WARN_DIRECT_OBJC_ISA_USAGE</key>
				<string>YES_ERROR</string>
				<key>CLANG_WARN_EMPTY_BODY</key>
				<string>YES</string>
				<key>CLANG_WARN_ENUM_CONVERSION</key>
				<string>YES</string>
				<key>CLANG_WARN_INT_CONVERSION</key>
				<string>YES</string>
				<key>CLANG_WARN_OBJC_ROOT_CLASS</key>
				<string>YES_ERROR</string>
				<key>CLANG_WARN__DUPLICATE_METHOD_MATCH</key>
				<string>YES</string>
				<key>COPY_PHASE_STRIP</key>
				<string>NO</string>
				<key>GCC_C_LANGUAGE_STANDARD</key>
				<string>gnu99</string>
				<key>GCC_DYNAMIC_NO_PIC</key>
				<string>NO</string>
				<key>GCC_ENABLE_OBJC_EXCEPTIONS</key>
				<string>YES</string>
				<key>GCC_OPTIMIZATION_LEVEL</key>
				<string>0</string>
				<key>GCC_PREPROCESSOR_DEFINITIONS</key>
				<array>
					<string>DEBUG=1</string>
					<string>$(inherited)</string>
				</array>
				<key>GCC_SYMBOLS_PRIVATE_EXTERN</key>
				<string>NO</string>
				<key>GCC_WARN_64_TO_32_BIT_CONVERSION</key>
				<string>YES</string>
				<key>GCC_WARN_ABOUT_RETURN_TYPE</key>
				<string>YES_ERROR</string>
				<key>GCC_WARN_UNDECLARED_SELECTOR</key>
				<string>YES</string>
				<key>GCC_WARN_UNINITIALIZED_AUTOS</key>
				<string>YES</string>
				<key>GCC_WARN_UNUSED_FUNCTION</key>
				<string>YES</string>
				<key>GCC_WARN_UNUSED_VARIABLE</key>
				<string>YES</string>
				<key>MACOSX_DEPLOYMENT_TARGET</key>
				<string>10.9</string>
				<key>ONLY_ACTIVE_ARCH</key>
				<string>YES</string>
				<key>SDKROOT</key>
				<string>macosx</string>
			</dict>
			<key>isa</key>
			<string>XCBuildConfiguration</string>
			<key>name</key>
			<string>Debug</string>
		</dict>
		<key>22B9DCC118A5D58C003F5056</key>
		<dict>
			<key>buildSettings</key>
			<dict>
				<key>ALWAYS_SEARCH_USER_PATHS</key>
				<string>NO</string>
				<key>CLANG_CXX_LANGUAGE_STANDARD</key>
				<string>gnu++0x</string>
				<key>CLANG_CXX_LIBRARY</key>
				<string>libc++</string>
				<key>CLANG_ENABLE_OBJC_ARC</key>
				<string>YES</string>
				<key>CLANG_WARN_BOOL_CONVERSION</key>
				<string>YES</string>
				<key>CLANG_WARN_CONSTANT_CONVERSION</key>
				<string>YES</string>
				<key>CLANG_WARN_DIRECT_OBJC_ISA_USAGE</key>
				<string>YES_ERROR</string>
				<key>CLANG_WARN_EMPTY_BODY</key>
				<string>YES</string>
				<key>CLANG_WARN_ENUM_CONVERSION</key>
				<string>YES</string>
				<key>CLANG_WARN_INT_CONVERSION</key>
				<string>YES</string>
				<key>CLANG_WARN_OBJC_ROOT_CLASS</key>
				<string>YES_ERROR</string>
				<key>CLANG_WARN__DUPLICATE_METHOD_MATCH</key>
				<string>YES</string>
				<key>COPY_PHASE_STRIP</key>
				<string>YES</string>
				<key>DEBUG_INFORMATION_FORMAT</key>
				<string>dwarf-with-dsym</string>
				<key>ENABLE_NS_ASSERTIONS</key>
				<string>NO</string>
				<key>GCC_C_LANGUAGE_STANDARD</key>
				<string>gnu99</string>
				<key>GCC_ENABLE_OBJC_EXCEPTIONS</key>
				<string>YES</string>
				<key>GCC_WARN_64_TO_32_BIT_CONVERSION</key>
				<string>YES</string>
				<key>GCC_WARN_ABOUT_RETURN_TYPE</key>
				<string>YES_ERROR</string>
				<key>GCC_WARN_UNDECLARED_SELECTOR</key>
				<string>YES</string>
				<key>GCC_WARN_UNINITIALIZED_AUTOS</key>
				<string>YES</string>
				<key>GCC_WARN_UNUSED_FUNCTION</key>
				<string>YES</string>
				<key>GCC_WARN_UNUSED_VARIABLE</key>
				<string>YES</string>
				<key>MACOSX_DEPLOYMENT_TARGET</key>
				<string>10.9</string>
				<key>SDKROOT</key>
				<string>macosx</string>
			</dict>
			<key>isa</key>
			<string>XCBuildConfiguration</string>
			<key>name</key>
			<string>Release</string>
		</dict>
		<key>22B9DCC218A5D58C003F5056</key>
		<dict>
			<key>buildConfigurations</key>
			<array>
				<string>22B9DCC318A5D58C003F5056</string>
				<string>22B9DCC418A5D58C003F5056</string>
			</array>
			<key>defaultConfigurationIsVisible</key>
			<string>0</string>
			<key>defaultConfigurationName</key>
			<string>Release</string>
			<key>isa</key>
			<string>XCConfigurationList</string>
		</dict>
		<key>22B9DCC318A5D58C003F5056</key>
		<dict>
			<key>baseConfigurationReference</key>
			<string>5C56541A67A6EF7D564E8B55</string>
			<key>buildSettings</key>
			<dict>
				<key>ASSETCATALOG_COMPILER_APPICON_NAME</key>
				<string>AppIcon</string>
				<key>CODE_SIGN_IDENTITY</key>
				<string>Developer ID Application</string>
				<key>CODE_SIGN_IDENTITY[sdk=macosx*]</key>
				<string>Mac Developer</string>
				<key>COMBINE_HIDPI_IMAGES</key>
				<string>YES</string>
				<key>FRAMEWORK_SEARCH_PATHS</key>
				<array>
					<string>$(inherited)</string>
					<string>$(PROJECT_DIR)</string>
				</array>
				<key>GCC_PRECOMPILE_PREFIX_HEADER</key>
				<string>YES</string>
				<key>GCC_PREFIX_HEADER</key>
				<string>Transmote/Transmote-Prefix.pch</string>
				<key>INFOPLIST_FILE</key>
				<string>Transmote/Transmote-Info.plist</string>
				<key>INFOPLIST_OTHER_PREPROCESSOR_FLAGS</key>
				<string>-traditional</string>
				<key>INFOPLIST_PREFIX_HEADER</key>
				<string>$PROJECT_TEMP_DIR/revision.prefix</string>
				<key>INFOPLIST_PREPROCESS</key>
				<string>YES</string>
				<key>PRODUCT_NAME</key>
				<string>$(TARGET_NAME)</string>
				<key>PROVISIONING_PROFILE</key>
				<string></string>
				<key>WRAPPER_EXTENSION</key>
				<string>app</string>
			</dict>
			<key>isa</key>
			<string>XCBuildConfiguration</string>
			<key>name</key>
			<string>Debug</string>
		</dict>
		<key>22B9DCC418A5D58C003F5056</key>
		<dict>
			<key>baseConfigurationReference</key>
			<string>9A935D91059BEC1DDA81CE11</string>
			<key>buildSettings</key>
			<dict>
				<key>ASSETCATALOG_COMPILER_APPICON_NAME</key>
				<string>AppIcon</string>
				<key>CODE_SIGN_IDENTITY</key>
				<string>Developer ID Application</string>
				<key>CODE_SIGN_IDENTITY[sdk=macosx*]</key>
				<string>Mac Developer</string>
				<key>COMBINE_HIDPI_IMAGES</key>
				<string>YES</string>
				<key>FRAMEWORK_SEARCH_PATHS</key>
				<array>
					<string>$(inherited)</string>
					<string>$(PROJECT_DIR)</string>
				</array>
				<key>GCC_PRECOMPILE_PREFIX_HEADER</key>
				<string>YES</string>
				<key>GCC_PREFIX_HEADER</key>
				<string>Transmote/Transmote-Prefix.pch</string>
				<key>INFOPLIST_FILE</key>
				<string>Transmote/Transmote-Info.plist</string>
				<key>INFOPLIST_OTHER_PREPROCESSOR_FLAGS</key>
				<string>-traditional</string>
				<key>INFOPLIST_PREFIX_HEADER</key>
				<string>$PROJECT_TEMP_DIR/revision.prefix</string>
				<key>INFOPLIST_PREPROCESS</key>
				<string>YES</string>
				<key>PRODUCT_NAME</key>
				<string>$(TARGET_NAME)</string>
				<key>PROVISIONING_PROFILE</key>
				<string></string>
				<key>WRAPPER_EXTENSION</key>
				<string>app</string>
			</dict>
			<key>isa</key>
			<string>XCBuildConfiguration</string>
			<key>name</key>
			<string>Release</string>
		</dict>
		<key>22B9DCC518A5D58C003F5056</key>
		<dict>
			<key>buildConfigurations</key>
			<array>
				<string>22B9DCC618A5D58C003F5056</string>
				<string>22B9DCC718A5D58C003F5056</string>
			</array>
			<key>defaultConfigurationIsVisible</key>
			<string>0</string>
			<key>defaultConfigurationName</key>
			<string>Release</string>
			<key>isa</key>
			<string>XCConfigurationList</string>
		</dict>
		<key>22B9DCC618A5D58C003F5056</key>
		<dict>
			<key>buildSettings</key>
			<dict>
				<key>BUNDLE_LOADER</key>
				<string>$(BUILT_PRODUCTS_DIR)/Transmote.app/Contents/MacOS/Transmote</string>
				<key>COMBINE_HIDPI_IMAGES</key>
				<string>YES</string>
				<key>FRAMEWORK_SEARCH_PATHS</key>
				<array>
					<string>$(DEVELOPER_FRAMEWORKS_DIR)</string>
					<string>$(inherited)</string>
				</array>
				<key>GCC_PRECOMPILE_PREFIX_HEADER</key>
				<string>YES</string>
				<key>GCC_PREFIX_HEADER</key>
				<string>Transmote/Transmote-Prefix.pch</string>
				<key>GCC_PREPROCESSOR_DEFINITIONS</key>
				<array>
					<string>DEBUG=1</string>
					<string>$(inherited)</string>
				</array>
				<key>INFOPLIST_FILE</key>
				<string>TransmoteTests/TransmoteTests-Info.plist</string>
				<key>PRODUCT_NAME</key>
				<string>$(TARGET_NAME)</string>
				<key>TEST_HOST</key>
				<string>$(BUNDLE_LOADER)</string>
				<key>WRAPPER_EXTENSION</key>
				<string>xctest</string>
			</dict>
			<key>isa</key>
			<string>XCBuildConfiguration</string>
			<key>name</key>
			<string>Debug</string>
		</dict>
		<key>22B9DCC718A5D58C003F5056</key>
		<dict>
			<key>buildSettings</key>
			<dict>
				<key>BUNDLE_LOADER</key>
				<string>$(BUILT_PRODUCTS_DIR)/Transmote.app/Contents/MacOS/Transmote</string>
				<key>COMBINE_HIDPI_IMAGES</key>
				<string>YES</string>
				<key>FRAMEWORK_SEARCH_PATHS</key>
				<array>
					<string>$(DEVELOPER_FRAMEWORKS_DIR)</string>
					<string>$(inherited)</string>
				</array>
				<key>GCC_PRECOMPILE_PREFIX_HEADER</key>
				<string>YES</string>
				<key>GCC_PREFIX_HEADER</key>
				<string>Transmote/Transmote-Prefix.pch</string>
				<key>INFOPLIST_FILE</key>
				<string>TransmoteTests/TransmoteTests-Info.plist</string>
				<key>PRODUCT_NAME</key>
				<string>$(TARGET_NAME)</string>
				<key>TEST_HOST</key>
				<string>$(BUNDLE_LOADER)</string>
				<key>WRAPPER_EXTENSION</key>
				<string>xctest</string>
			</dict>
			<key>isa</key>
			<string>XCBuildConfiguration</string>
			<key>name</key>
			<string>Release</string>
		</dict>
		<key>22D10D521913D00000209A79</key>
		<dict>
			<key>fileEncoding</key>
			<string>4</string>
			<key>isa</key>
			<string>PBXFileReference</string>
			<key>lastKnownFileType</key>
			<string>sourcecode.c.h</string>
			<key>path</key>
			<string>TRNDefinitions.h</string>
			<key>sourceTree</key>
			<string>&lt;group&gt;</string>
		</dict>
		<key>22D10D541913D93C00209A79</key>
		<dict>
			<key>fileEncoding</key>
			<string>4</string>
			<key>isa</key>
			<string>PBXFileReference</string>
			<key>lastKnownFileType</key>
			<string>text.script.sh</string>
			<key>path</key>
			<string>autoversioning.sh</string>
			<key>sourceTree</key>
			<string>&lt;group&gt;</string>
		</dict>
		<key>22D10D551913D93C00209A79</key>
		<dict>
			<key>fileRef</key>
			<string>22D10D541913D93C00209A79</string>
			<key>isa</key>
			<string>PBXBuildFile</string>
		</dict>
		<key>22D10D5C1913DA4300209A79</key>
		<dict>
			<key>buildConfigurationList</key>
			<string>22D10D5D1913DA4300209A79</string>
			<key>buildPhases</key>
			<array>
				<string>22D10D621913DA6000209A79</string>
			</array>
			<key>dependencies</key>
			<array/>
			<key>isa</key>
			<string>PBXAggregateTarget</string>
			<key>name</key>
			<string>Autoversioning</string>
			<key>productName</key>
			<string>Autoversioning</string>
		</dict>
		<key>22D10D5D1913DA4300209A79</key>
		<dict>
			<key>buildConfigurations</key>
			<array>
				<string>22D10D5E1913DA4300209A79</string>
				<string>22D10D5F1913DA4300209A79</string>
			</array>
			<key>defaultConfigurationIsVisible</key>
			<string>0</string>
			<key>defaultConfigurationName</key>
			<string>Release</string>
			<key>isa</key>
			<string>XCConfigurationList</string>
		</dict>
		<key>22D10D5E1913DA4300209A79</key>
		<dict>
			<key>buildSettings</key>
			<dict>
				<key>PRODUCT_NAME</key>
				<string>$(TARGET_NAME)</string>
			</dict>
			<key>isa</key>
			<string>XCBuildConfiguration</string>
			<key>name</key>
			<string>Debug</string>
		</dict>
		<key>22D10D5F1913DA4300209A79</key>
		<dict>
			<key>buildSettings</key>
			<dict>
				<key>PRODUCT_NAME</key>
				<string>$(TARGET_NAME)</string>
			</dict>
			<key>isa</key>
			<string>XCBuildConfiguration</string>
			<key>name</key>
			<string>Release</string>
		</dict>
		<key>22D10D601913DA5800209A79</key>
		<dict>
			<key>containerPortal</key>
			<string>22B9DC8918A5D58B003F5056</string>
			<key>isa</key>
			<string>PBXContainerItemProxy</string>
			<key>proxyType</key>
			<string>1</string>
			<key>remoteGlobalIDString</key>
			<string>22D10D5C1913DA4300209A79</string>
			<key>remoteInfo</key>
			<string>Autoversioning</string>
		</dict>
		<key>22D10D611913DA5800209A79</key>
		<dict>
			<key>isa</key>
			<string>PBXTargetDependency</string>
			<key>target</key>
			<string>22D10D5C1913DA4300209A79</string>
			<key>targetProxy</key>
			<string>22D10D601913DA5800209A79</string>
		</dict>
		<key>22D10D621913DA6000209A79</key>
		<dict>
			<key>buildActionMask</key>
			<string>2147483647</string>
			<key>files</key>
			<array/>
			<key>inputPaths</key>
			<array/>
			<key>isa</key>
			<string>PBXShellScriptBuildPhase</string>
			<key>outputPaths</key>
			<array/>
			<key>runOnlyForDeploymentPostprocessing</key>
			<string>0</string>
			<key>shellPath</key>
			<string>/bin/sh</string>
			<key>shellScript</key>
			<string>./Transmote/autoversioning.sh</string>
		</dict>
		<key>22E844531920DC37003456CD</key>
		<dict>
			<key>children</key>
			<array>
				<string>22E844561920DC9F003456CD</string>
				<string>22E844571920DC9F003456CD</string>
			</array>
			<key>isa</key>
			<string>PBXGroup</string>
			<key>name</key>
			<string>Categories</string>
			<key>sourceTree</key>
			<string>&lt;group&gt;</string>
		</dict>
		<key>22E844541920DC42003456CD</key>
		<dict>
			<key>children</key>
			<array>
				<string>220A709518A5DDC6008C22F5</string>
				<string>220A709618A5DDC6008C22F5</string>
				<string>220A709818A5DEE2008C22F5</string>
				<string>220A709918A5DEE2008C22F5</string>
			</array>
			<key>isa</key>
			<string>PBXGroup</string>
			<key>name</key>
			<string>Models</string>
			<key>sourceTree</key>
			<string>&lt;group&gt;</string>
		</dict>
		<key>22E844551920DC4C003456CD</key>
		<dict>
			<key>children</key>
			<array>
				<string>229CEB2B1911FB52004DC29C</string>
				<string>229CEB2C1911FB52004DC29C</string>
				<string>220A70A018A5F092008C22F5</string>
				<string>220A70A118A5F092008C22F5</string>
			</array>
			<key>isa</key>
			<string>PBXGroup</string>
			<key>name</key>
			<string>API Clients</string>
			<key>sourceTree</key>
			<string>&lt;group&gt;</string>
		</dict>
		<key>22E844561920DC9F003456CD</key>
		<dict>
			<key>fileEncoding</key>
			<string>4</string>
			<key>isa</key>
			<string>PBXFileReference</string>
			<key>lastKnownFileType</key>
			<string>sourcecode.c.h</string>
			<key>path</key>
			<string>SESImageView.h</string>
			<key>sourceTree</key>
			<string>&lt;group&gt;</string>
		</dict>
		<key>22E844571920DC9F003456CD</key>
		<dict>
			<key>fileEncoding</key>
			<string>4</string>
			<key>isa</key>
			<string>PBXFileReference</string>
			<key>lastKnownFileType</key>
			<string>sourcecode.c.objc</string>
			<key>path</key>
			<string>SESImageView.m</string>
			<key>sourceTree</key>
			<string>&lt;group&gt;</string>
		</dict>
		<key>22E844581920DC9F003456CD</key>
		<dict>
			<key>fileRef</key>
			<string>22E844571920DC9F003456CD</string>
			<key>isa</key>
			<string>PBXBuildFile</string>
		</dict>
		<key>559953F3FD1247C3AF7279CE</key>
		<dict>
			<key>buildActionMask</key>
			<string>2147483647</string>
			<key>files</key>
			<array/>
			<key>inputPaths</key>
			<array/>
			<key>isa</key>
			<string>PBXShellScriptBuildPhase</string>
			<key>name</key>
			<string>Check Pods Manifest.lock</string>
			<key>outputPaths</key>
			<array/>
			<key>runOnlyForDeploymentPostprocessing</key>
			<string>0</string>
			<key>shellPath</key>
			<string>/bin/sh</string>
			<key>shellScript</key>
			<string>diff "${PODS_ROOT}/../Podfile.lock" "${PODS_ROOT}/Manifest.lock" &gt; /dev/null
if [[ $? != 0 ]] ; then
    cat &lt;&lt; EOM
error: The sandbox is not in sync with the Podfile.lock. Run 'pod install' or update your CocoaPods installation.
EOM
    exit 1
fi
</string>
			<key>showEnvVarsInLog</key>
			<string>0</string>
		</dict>
		<key>5C56541A67A6EF7D564E8B55</key>
		<dict>
			<key>includeInIndex</key>
			<string>1</string>
			<key>isa</key>
			<string>PBXFileReference</string>
			<key>lastKnownFileType</key>
			<string>text.xcconfig</string>
			<key>name</key>
			<string>Pods.debug.xcconfig</string>
			<key>path</key>
			<string>Pods/Target Support Files/Pods/Pods.debug.xcconfig</string>
			<key>sourceTree</key>
			<string>&lt;group&gt;</string>
		</dict>
		<key>5D98EB75502347C1AFE7D8C7</key>
		<dict>
			<key>buildActionMask</key>
			<string>2147483647</string>
			<key>files</key>
			<array/>
			<key>inputPaths</key>
			<array/>
			<key>isa</key>
			<string>PBXShellScriptBuildPhase</string>
			<key>name</key>
			<string>Copy Pods Resources</string>
			<key>outputPaths</key>
			<array/>
			<key>runOnlyForDeploymentPostprocessing</key>
			<string>0</string>
			<key>shellPath</key>
			<string>/bin/sh</string>
			<key>shellScript</key>
			<string>"${SRCROOT}/Pods/Target Support Files/Pods/Pods-resources.sh"
</string>
			<key>showEnvVarsInLog</key>
			<string>0</string>
		</dict>
		<key>870FA36FEBEC4475A1B68205</key>
		<dict>
			<key>explicitFileType</key>
			<string>archive.ar</string>
			<key>includeInIndex</key>
			<string>0</string>
			<key>isa</key>
			<string>PBXFileReference</string>
			<key>path</key>
			<string>libPods.a</string>
			<key>sourceTree</key>
			<string>BUILT_PRODUCTS_DIR</string>
		</dict>
		<key>9A935D91059BEC1DDA81CE11</key>
		<dict>
			<key>includeInIndex</key>
			<string>1</string>
			<key>isa</key>
			<string>PBXFileReference</string>
			<key>lastKnownFileType</key>
			<string>text.xcconfig</string>
			<key>name</key>
			<string>Pods.release.xcconfig</string>
			<key>path</key>
			<string>Pods/Target Support Files/Pods/Pods.release.xcconfig</string>
			<key>sourceTree</key>
			<string>&lt;group&gt;</string>
		</dict>
		<key>F5E298BC815D5272AAB2EE42</key>
		<dict>
			<key>children</key>
			<array>
				<string>5C56541A67A6EF7D564E8B55</string>
				<string>9A935D91059BEC1DDA81CE11</string>
			</array>
			<key>isa</key>
			<string>PBXGroup</string>
			<key>name</key>
			<string>Pods</string>
			<key>sourceTree</key>
			<string>&lt;group&gt;</string>
		</dict>
	</dict>
	<key>rootObject</key>
	<string>22B9DC8918A5D58B003F5056</string>
</dict>
</plist>
