// !$*UTF8*$!
{
	archiveVersion = 1;
	classes = {
	};
	objectVersion = 46;
	objects = {

/* Begin PBXAggregateTarget section */
		22D10D5C1913DA4300209A79 /* Autoversioning */ = {
			isa = PBXAggregateTarget;
			buildConfigurationList = 22D10D5D1913DA4300209A79 /* Build configuration list for PBXAggregateTarget "Autoversioning" */;
			buildPhases = (
				22D10D621913DA6000209A79 /* ShellScript */,
			);
			dependencies = (
			);
			name = Autoversioning;
			productName = Autoversioning;
		};
/* End PBXAggregateTarget section */

/* Begin PBXBuildFile section */
		11E82D4211F647D7B6A7D3BA /* libPods.a in Frameworks */ = {isa = PBXBuildFile; fileRef = 870FA36FEBEC4475A1B68205 /* libPods.a */; };
		220A709718A5DDC6008C22F5 /* TRNServer.m in Sources */ = {isa = PBXBuildFile; fileRef = 220A709618A5DDC6008C22F5 /* TRNServer.m */; };
		220A709A18A5DEE2008C22F5 /* TRNTorrent.m in Sources */ = {isa = PBXBuildFile; fileRef = 220A709918A5DEE2008C22F5 /* TRNTorrent.m */; };
		220A709D18A5E039008C22F5 /* TRNWindowController.m in Sources */ = {isa = PBXBuildFile; fileRef = 220A709C18A5E039008C22F5 /* TRNWindowController.m */; };
		220A709F18A5E103008C22F5 /* TRNWindowController.xib in Resources */ = {isa = PBXBuildFile; fileRef = 220A709E18A5E103008C22F5 /* TRNWindowController.xib */; };
		220A70A218A5F092008C22F5 /* TRNJSONRPCClient.m in Sources */ = {isa = PBXBuildFile; fileRef = 220A70A118A5F092008C22F5 /* TRNJSONRPCClient.m */; };
		229CEB2A19110F11004DC29C /* Defaults.plist in Resources */ = {isa = PBXBuildFile; fileRef = 229CEB2919110F11004DC29C /* Defaults.plist */; };
		229CEB2D1911FB52004DC29C /* TRNTheMovieDBClient.m in Sources */ = {isa = PBXBuildFile; fileRef = 229CEB2C1911FB52004DC29C /* TRNTheMovieDBClient.m */; };
		22B9DC9518A5D58B003F5056 /* Cocoa.framework in Frameworks */ = {isa = PBXBuildFile; fileRef = 22B9DC9418A5D58B003F5056 /* Cocoa.framework */; };
		22B9DC9F18A5D58B003F5056 /* InfoPlist.strings in Resources */ = {isa = PBXBuildFile; fileRef = 22B9DC9D18A5D58B003F5056 /* InfoPlist.strings */; };
		22B9DCA118A5D58B003F5056 /* main.m in Sources */ = {isa = PBXBuildFile; fileRef = 22B9DCA018A5D58B003F5056 /* main.m */; };
		22B9DCA518A5D58B003F5056 /* Credits.rtf in Resources */ = {isa = PBXBuildFile; fileRef = 22B9DCA318A5D58B003F5056 /* Credits.rtf */; };
		22B9DCA818A5D58B003F5056 /* TRNAppDelegate.m in Sources */ = {isa = PBXBuildFile; fileRef = 22B9DCA718A5D58B003F5056 /* TRNAppDelegate.m */; };
		22B9DCAB18A5D58C003F5056 /* MainMenu.xib in Resources */ = {isa = PBXBuildFile; fileRef = 22B9DCA918A5D58C003F5056 /* MainMenu.xib */; };
		22B9DCAD18A5D58C003F5056 /* Images.xcassets in Resources */ = {isa = PBXBuildFile; fileRef = 22B9DCAC18A5D58C003F5056 /* Images.xcassets */; };
		22B9DCB418A5D58C003F5056 /* XCTest.framework in Frameworks */ = {isa = PBXBuildFile; fileRef = 22B9DCB318A5D58C003F5056 /* XCTest.framework */; };
		22B9DCB518A5D58C003F5056 /* Cocoa.framework in Frameworks */ = {isa = PBXBuildFile; fileRef = 22B9DC9418A5D58B003F5056 /* Cocoa.framework */; };
		22B9DCBD18A5D58C003F5056 /* InfoPlist.strings in Resources */ = {isa = PBXBuildFile; fileRef = 22B9DCBB18A5D58C003F5056 /* InfoPlist.strings */; };
		22B9DCBF18A5D58C003F5056 /* TransmoteTests.m in Sources */ = {isa = PBXBuildFile; fileRef = 22B9DCBE18A5D58C003F5056 /* TransmoteTests.m */; };
		22D10D551913D93C00209A79 /* autoversioning.sh in Resources */ = {isa = PBXBuildFile; fileRef = 22D10D541913D93C00209A79 /* autoversioning.sh */; };
		22E844581920DC9F003456CD /* SESImageView.m in Sources */ = {isa = PBXBuildFile; fileRef = 22E844571920DC9F003456CD /* SESImageView.m */; };
/* End PBXBuildFile section */

/* Begin PBXContainerItemProxy section */
		22B9DCB618A5D58C003F5056 /* PBXContainerItemProxy */ = {
			isa = PBXContainerItemProxy;
			containerPortal = 22B9DC8918A5D58B003F5056 /* Project object */;
			proxyType = 1;
			remoteGlobalIDString = 22B9DC9018A5D58B003F5056;
			remoteInfo = Transmote;
		};
		22D10D601913DA5800209A79 /* PBXContainerItemProxy */ = {
			isa = PBXContainerItemProxy;
			containerPortal = 22B9DC8918A5D58B003F5056 /* Project object */;
			proxyType = 1;
			remoteGlobalIDString = 22D10D5C1913DA4300209A79;
			remoteInfo = Autoversioning;
		};
/* End PBXContainerItemProxy section */

/* Begin PBXFileReference section */
		220A709518A5DDC6008C22F5 /* TRNServer.h */ = {isa = PBXFileReference; fileEncoding = 4; lastKnownFileType = sourcecode.c.h; path = TRNServer.h; sourceTree = "<group>"; };
		220A709618A5DDC6008C22F5 /* TRNServer.m */ = {isa = PBXFileReference; fileEncoding = 4; lastKnownFileType = sourcecode.c.objc; path = TRNServer.m; sourceTree = "<group>"; };
		220A709818A5DEE2008C22F5 /* TRNTorrent.h */ = {isa = PBXFileReference; fileEncoding = 4; lastKnownFileType = sourcecode.c.h; path = TRNTorrent.h; sourceTree = "<group>"; };
		220A709918A5DEE2008C22F5 /* TRNTorrent.m */ = {isa = PBXFileReference; fileEncoding = 4; lastKnownFileType = sourcecode.c.objc; path = TRNTorrent.m; sourceTree = "<group>"; };
		220A709B18A5E039008C22F5 /* TRNWindowController.h */ = {isa = PBXFileReference; fileEncoding = 4; lastKnownFileType = sourcecode.c.h; path = TRNWindowController.h; sourceTree = "<group>"; };
		220A709C18A5E039008C22F5 /* TRNWindowController.m */ = {isa = PBXFileReference; fileEncoding = 4; lastKnownFileType = sourcecode.c.objc; path = TRNWindowController.m; sourceTree = "<group>"; };
		220A709E18A5E103008C22F5 /* TRNWindowController.xib */ = {isa = PBXFileReference; fileEncoding = 4; lastKnownFileType = file.xib; path = TRNWindowController.xib; sourceTree = "<group>"; };
		220A70A018A5F092008C22F5 /* TRNJSONRPCClient.h */ = {isa = PBXFileReference; fileEncoding = 4; lastKnownFileType = sourcecode.c.h; path = TRNJSONRPCClient.h; sourceTree = "<group>"; };
		220A70A118A5F092008C22F5 /* TRNJSONRPCClient.m */ = {isa = PBXFileReference; fileEncoding = 4; lastKnownFileType = sourcecode.c.objc; path = TRNJSONRPCClient.m; sourceTree = "<group>"; };
		229CEB2919110F11004DC29C /* Defaults.plist */ = {isa = PBXFileReference; fileEncoding = 4; lastKnownFileType = text.plist.xml; path = Defaults.plist; sourceTree = "<group>"; };
		229CEB2B1911FB52004DC29C /* TRNTheMovieDBClient.h */ = {isa = PBXFileReference; fileEncoding = 4; lastKnownFileType = sourcecode.c.h; path = TRNTheMovieDBClient.h; sourceTree = "<group>"; };
		229CEB2C1911FB52004DC29C /* TRNTheMovieDBClient.m */ = {isa = PBXFileReference; fileEncoding = 4; lastKnownFileType = sourcecode.c.objc; path = TRNTheMovieDBClient.m; sourceTree = "<group>"; };
		22B9DC9118A5D58B003F5056 /* Transmote.app */ = {isa = PBXFileReference; explicitFileType = wrapper.application; includeInIndex = 0; path = Transmote.app; sourceTree = BUILT_PRODUCTS_DIR; };
		22B9DC9418A5D58B003F5056 /* Cocoa.framework */ = {isa = PBXFileReference; lastKnownFileType = wrapper.framework; name = Cocoa.framework; path = System/Library/Frameworks/Cocoa.framework; sourceTree = SDKROOT; };
		22B9DC9718A5D58B003F5056 /* AppKit.framework */ = {isa = PBXFileReference; lastKnownFileType = wrapper.framework; name = AppKit.framework; path = System/Library/Frameworks/AppKit.framework; sourceTree = SDKROOT; };
		22B9DC9818A5D58B003F5056 /* CoreData.framework */ = {isa = PBXFileReference; lastKnownFileType = wrapper.framework; name = CoreData.framework; path = System/Library/Frameworks/CoreData.framework; sourceTree = SDKROOT; };
		22B9DC9918A5D58B003F5056 /* Foundation.framework */ = {isa = PBXFileReference; lastKnownFileType = wrapper.framework; name = Foundation.framework; path = System/Library/Frameworks/Foundation.framework; sourceTree = SDKROOT; };
		22B9DC9C18A5D58B003F5056 /* Transmote-Info.plist */ = {isa = PBXFileReference; lastKnownFileType = text.plist.xml; path = "Transmote-Info.plist"; sourceTree = "<group>"; };
		22B9DC9E18A5D58B003F5056 /* en */ = {isa = PBXFileReference; lastKnownFileType = text.plist.strings; name = en; path = en.lproj/InfoPlist.strings; sourceTree = "<group>"; };
		22B9DCA018A5D58B003F5056 /* main.m */ = {isa = PBXFileReference; lastKnownFileType = sourcecode.c.objc; path = main.m; sourceTree = "<group>"; };
		22B9DCA218A5D58B003F5056 /* Transmote-Prefix.pch */ = {isa = PBXFileReference; lastKnownFileType = sourcecode.c.h; path = "Transmote-Prefix.pch"; sourceTree = "<group>"; };
		22B9DCA418A5D58B003F5056 /* en */ = {isa = PBXFileReference; lastKnownFileType = text.rtf; name = en; path = en.lproj/Credits.rtf; sourceTree = "<group>"; };
		22B9DCA618A5D58B003F5056 /* TRNAppDelegate.h */ = {isa = PBXFileReference; lastKnownFileType = sourcecode.c.h; path = TRNAppDelegate.h; sourceTree = "<group>"; };
		22B9DCA718A5D58B003F5056 /* TRNAppDelegate.m */ = {isa = PBXFileReference; lastKnownFileType = sourcecode.c.objc; path = TRNAppDelegate.m; sourceTree = "<group>"; };
		22B9DCAA18A5D58C003F5056 /* Base */ = {isa = PBXFileReference; lastKnownFileType = file.xib; name = Base; path = Base.lproj/MainMenu.xib; sourceTree = "<group>"; };
		22B9DCAC18A5D58C003F5056 /* Images.xcassets */ = {isa = PBXFileReference; lastKnownFileType = folder.assetcatalog; path = Images.xcassets; sourceTree = "<group>"; };
		22B9DCB218A5D58C003F5056 /* TransmoteTests.xctest */ = {isa = PBXFileReference; explicitFileType = wrapper.cfbundle; includeInIndex = 0; path = TransmoteTests.xctest; sourceTree = BUILT_PRODUCTS_DIR; };
		22B9DCB318A5D58C003F5056 /* XCTest.framework */ = {isa = PBXFileReference; lastKnownFileType = wrapper.framework; name = XCTest.framework; path = Library/Frameworks/XCTest.framework; sourceTree = DEVELOPER_DIR; };
		22B9DCBA18A5D58C003F5056 /* TransmoteTests-Info.plist */ = {isa = PBXFileReference; lastKnownFileType = text.plist.xml; path = "TransmoteTests-Info.plist"; sourceTree = "<group>"; };
		22B9DCBC18A5D58C003F5056 /* en */ = {isa = PBXFileReference; lastKnownFileType = text.plist.strings; name = en; path = en.lproj/InfoPlist.strings; sourceTree = "<group>"; };
		22B9DCBE18A5D58C003F5056 /* TransmoteTests.m */ = {isa = PBXFileReference; lastKnownFileType = sourcecode.c.objc; path = TransmoteTests.m; sourceTree = "<group>"; };
		22D10D521913D00000209A79 /* TRNDefinitions.h */ = {isa = PBXFileReference; fileEncoding = 4; lastKnownFileType = sourcecode.c.h; path = TRNDefinitions.h; sourceTree = "<group>"; };
		22D10D541913D93C00209A79 /* autoversioning.sh */ = {isa = PBXFileReference; fileEncoding = 4; lastKnownFileType = text.script.sh; path = autoversioning.sh; sourceTree = "<group>"; };
		22E844561920DC9F003456CD /* SESImageView.h */ = {isa = PBXFileReference; fileEncoding = 4; lastKnownFileType = sourcecode.c.h; path = SESImageView.h; sourceTree = "<group>"; };
		22E844571920DC9F003456CD /* SESImageView.m */ = {isa = PBXFileReference; fileEncoding = 4; lastKnownFileType = sourcecode.c.objc; path = SESImageView.m; sourceTree = "<group>"; };
		5C56541A67A6EF7D564E8B55 /* Pods.debug.xcconfig */ = {isa = PBXFileReference; includeInIndex = 1; lastKnownFileType = text.xcconfig; name = Pods.debug.xcconfig; path = "Pods/Target Support Files/Pods/Pods.debug.xcconfig"; sourceTree = "<group>"; };
		870FA36FEBEC4475A1B68205 /* libPods.a */ = {isa = PBXFileReference; explicitFileType = archive.ar; includeInIndex = 0; path = libPods.a; sourceTree = BUILT_PRODUCTS_DIR; };
		9A935D91059BEC1DDA81CE11 /* Pods.release.xcconfig */ = {isa = PBXFileReference; includeInIndex = 1; lastKnownFileType = text.xcconfig; name = Pods.release.xcconfig; path = "Pods/Target Support Files/Pods/Pods.release.xcconfig"; sourceTree = "<group>"; };
/* End PBXFileReference section */

/* Begin PBXFrameworksBuildPhase section */
		22B9DC8E18A5D58B003F5056 /* Frameworks */ = {
			isa = PBXFrameworksBuildPhase;
			buildActionMask = 2147483647;
			files = (
				22B9DC9518A5D58B003F5056 /* Cocoa.framework in Frameworks */,
				11E82D4211F647D7B6A7D3BA /* libPods.a in Frameworks */,
			);
			runOnlyForDeploymentPostprocessing = 0;
		};
		22B9DCAF18A5D58C003F5056 /* Frameworks */ = {
			isa = PBXFrameworksBuildPhase;
			buildActionMask = 2147483647;
			files = (
				22B9DCB518A5D58C003F5056 /* Cocoa.framework in Frameworks */,
				22B9DCB418A5D58C003F5056 /* XCTest.framework in Frameworks */,
			);
			runOnlyForDeploymentPostprocessing = 0;
		};
/* End PBXFrameworksBuildPhase section */

/* Begin PBXGroup section */
		22B9DC8818A5D58B003F5056 = {
			isa = PBXGroup;
			children = (
				22B9DC9A18A5D58B003F5056 /* Transmote */,
				22B9DCB818A5D58C003F5056 /* TransmoteTests */,
				22B9DC9318A5D58B003F5056 /* Frameworks */,
				22B9DC9218A5D58B003F5056 /* Products */,
				F5E298BC815D5272AAB2EE42 /* Pods */,
			);
			sourceTree = "<group>";
		};
		22B9DC9218A5D58B003F5056 /* Products */ = {
			isa = PBXGroup;
			children = (
				22B9DC9118A5D58B003F5056 /* Transmote.app */,
				22B9DCB218A5D58C003F5056 /* TransmoteTests.xctest */,
			);
			name = Products;
			sourceTree = "<group>";
		};
		22B9DC9318A5D58B003F5056 /* Frameworks */ = {
			isa = PBXGroup;
			children = (
				22B9DC9418A5D58B003F5056 /* Cocoa.framework */,
				22B9DCB318A5D58C003F5056 /* XCTest.framework */,
				22B9DC9618A5D58B003F5056 /* Other Frameworks */,
				870FA36FEBEC4475A1B68205 /* libPods.a */,
			);
			name = Frameworks;
			sourceTree = "<group>";
		};
		22B9DC9618A5D58B003F5056 /* Other Frameworks */ = {
			isa = PBXGroup;
			children = (
				22B9DC9718A5D58B003F5056 /* AppKit.framework */,
				22B9DC9818A5D58B003F5056 /* CoreData.framework */,
				22B9DC9918A5D58B003F5056 /* Foundation.framework */,
			);
			name = "Other Frameworks";
			sourceTree = "<group>";
		};
		22B9DC9A18A5D58B003F5056 /* Transmote */ = {
			isa = PBXGroup;
			children = (
				229CEB2919110F11004DC29C /* Defaults.plist */,
				22D10D521913D00000209A79 /* TRNDefinitions.h */,
				22B9DCA618A5D58B003F5056 /* TRNAppDelegate.h */,
				22B9DCA718A5D58B003F5056 /* TRNAppDelegate.m */,
				22B9DCA918A5D58C003F5056 /* MainMenu.xib */,
				220A709B18A5E039008C22F5 /* TRNWindowController.h */,
				220A709C18A5E039008C22F5 /* TRNWindowController.m */,
				220A709E18A5E103008C22F5 /* TRNWindowController.xib */,
				22E844541920DC42003456CD /* Models */,
				22E844551920DC4C003456CD /* API Clients */,
				22E844531920DC37003456CD /* Categories */,
				22B9DCAC18A5D58C003F5056 /* Images.xcassets */,
				22B9DC9B18A5D58B003F5056 /* Supporting Files */,
			);
			path = Transmote;
			sourceTree = "<group>";
		};
		22B9DC9B18A5D58B003F5056 /* Supporting Files */ = {
			isa = PBXGroup;
			children = (
				22D10D541913D93C00209A79 /* autoversioning.sh */,
				22B9DC9C18A5D58B003F5056 /* Transmote-Info.plist */,
				22B9DC9D18A5D58B003F5056 /* InfoPlist.strings */,
				22B9DCA018A5D58B003F5056 /* main.m */,
				22B9DCA218A5D58B003F5056 /* Transmote-Prefix.pch */,
				22B9DCA318A5D58B003F5056 /* Credits.rtf */,
			);
			name = "Supporting Files";
			sourceTree = "<group>";
		};
		22B9DCB818A5D58C003F5056 /* TransmoteTests */ = {
			isa = PBXGroup;
			children = (
				22B9DCBE18A5D58C003F5056 /* TransmoteTests.m */,
				22B9DCB918A5D58C003F5056 /* Supporting Files */,
			);
			path = TransmoteTests;
			sourceTree = "<group>";
		};
		22B9DCB918A5D58C003F5056 /* Supporting Files */ = {
			isa = PBXGroup;
			children = (
				22B9DCBA18A5D58C003F5056 /* TransmoteTests-Info.plist */,
				22B9DCBB18A5D58C003F5056 /* InfoPlist.strings */,
			);
			name = "Supporting Files";
			sourceTree = "<group>";
		};
		22E844531920DC37003456CD /* Categories */ = {
			isa = PBXGroup;
			children = (
				22E844561920DC9F003456CD /* SESImageView.h */,
				22E844571920DC9F003456CD /* SESImageView.m */,
			);
			name = Categories;
			sourceTree = "<group>";
		};
		22E844541920DC42003456CD /* Models */ = {
			isa = PBXGroup;
			children = (
				220A709518A5DDC6008C22F5 /* TRNServer.h */,
				220A709618A5DDC6008C22F5 /* TRNServer.m */,
				220A709818A5DEE2008C22F5 /* TRNTorrent.h */,
				220A709918A5DEE2008C22F5 /* TRNTorrent.m */,
			);
			name = Models;
			sourceTree = "<group>";
		};
		22E844551920DC4C003456CD /* API Clients */ = {
			isa = PBXGroup;
			children = (
				229CEB2B1911FB52004DC29C /* TRNTheMovieDBClient.h */,
				229CEB2C1911FB52004DC29C /* TRNTheMovieDBClient.m */,
				220A70A018A5F092008C22F5 /* TRNJSONRPCClient.h */,
				220A70A118A5F092008C22F5 /* TRNJSONRPCClient.m */,
			);
			name = "API Clients";
			sourceTree = "<group>";
		};
		F5E298BC815D5272AAB2EE42 /* Pods */ = {
			isa = PBXGroup;
			children = (
				5C56541A67A6EF7D564E8B55 /* Pods.debug.xcconfig */,
				9A935D91059BEC1DDA81CE11 /* Pods.release.xcconfig */,
			);
			name = Pods;
			sourceTree = "<group>";
		};
/* End PBXGroup section */

/* Begin PBXNativeTarget section */
		22B9DC9018A5D58B003F5056 /* Transmote */ = {
			isa = PBXNativeTarget;
			buildConfigurationList = 22B9DCC218A5D58C003F5056 /* Build configuration list for PBXNativeTarget "Transmote" */;
			buildPhases = (
				559953F3FD1247C3AF7279CE /* Check Pods Manifest.lock */,
				22B9DC8D18A5D58B003F5056 /* Sources */,
				22B9DC8E18A5D58B003F5056 /* Frameworks */,
				22B9DC8F18A5D58B003F5056 /* Resources */,
				5D98EB75502347C1AFE7D8C7 /* Copy Pods Resources */,
			);
			buildRules = (
			);
			dependencies = (
				22D10D611913DA5800209A79 /* PBXTargetDependency */,
			);
			name = Transmote;
			productName = Transmote;
			productReference = 22B9DC9118A5D58B003F5056 /* Transmote.app */;
			productType = "com.apple.product-type.application";
		};
		22B9DCB118A5D58C003F5056 /* TransmoteTests */ = {
			isa = PBXNativeTarget;
			buildConfigurationList = 22B9DCC518A5D58C003F5056 /* Build configuration list for PBXNativeTarget "TransmoteTests" */;
			buildPhases = (
				22B9DCAE18A5D58C003F5056 /* Sources */,
				22B9DCAF18A5D58C003F5056 /* Frameworks */,
				22B9DCB018A5D58C003F5056 /* Resources */,
			);
			buildRules = (
			);
			dependencies = (
				22B9DCB718A5D58C003F5056 /* PBXTargetDependency */,
			);
			name = TransmoteTests;
			productName = TransmoteTests;
			productReference = 22B9DCB218A5D58C003F5056 /* TransmoteTests.xctest */;
			productType = "com.apple.product-type.bundle.unit-test";
		};
/* End PBXNativeTarget section */

/* Begin PBXProject section */
		22B9DC8918A5D58B003F5056 /* Project object */ = {
			isa = PBXProject;
			attributes = {
				CLASSPREFIX = TRN;
				LastUpgradeCheck = 0500;
				ORGANIZATIONNAME = "Spotlight Kid";
				TargetAttributes = {
					22B9DC9018A5D58B003F5056 = {
						DevelopmentTeam = 9M28MQ9SZC;
					};
					22B9DCB118A5D58C003F5056 = {
						TestTargetID = 22B9DC9018A5D58B003F5056;
					};
				};
			};
			buildConfigurationList = 22B9DC8C18A5D58B003F5056 /* Build configuration list for PBXProject "Transmote" */;
			compatibilityVersion = "Xcode 3.2";
			developmentRegion = English;
			hasScannedForEncodings = 0;
			knownRegions = (
				en,
				Base,
			);
			mainGroup = 22B9DC8818A5D58B003F5056;
			productRefGroup = 22B9DC9218A5D58B003F5056 /* Products */;
			projectDirPath = "";
			projectRoot = "";
			targets = (
				22B9DC9018A5D58B003F5056 /* Transmote */,
				22B9DCB118A5D58C003F5056 /* TransmoteTests */,
				22D10D5C1913DA4300209A79 /* Autoversioning */,
			);
		};
/* End PBXProject section */

/* Begin PBXResourcesBuildPhase section */
		22B9DC8F18A5D58B003F5056 /* Resources */ = {
			isa = PBXResourcesBuildPhase;
			buildActionMask = 2147483647;
			files = (
				22B9DC9F18A5D58B003F5056 /* InfoPlist.strings in Resources */,
				220A709F18A5E103008C22F5 /* TRNWindowController.xib in Resources */,
				229CEB2A19110F11004DC29C /* Defaults.plist in Resources */,
				22B9DCAD18A5D58C003F5056 /* Images.xcassets in Resources */,
				22B9DCA518A5D58B003F5056 /* Credits.rtf in Resources */,
				22B9DCAB18A5D58C003F5056 /* MainMenu.xib in Resources */,
				22D10D551913D93C00209A79 /* autoversioning.sh in Resources */,
			);
			runOnlyForDeploymentPostprocessing = 0;
		};
		22B9DCB018A5D58C003F5056 /* Resources */ = {
			isa = PBXResourcesBuildPhase;
			buildActionMask = 2147483647;
			files = (
				22B9DCBD18A5D58C003F5056 /* InfoPlist.strings in Resources */,
			);
			runOnlyForDeploymentPostprocessing = 0;
		};
/* End PBXResourcesBuildPhase section */

/* Begin PBXShellScriptBuildPhase section */
		22D10D621913DA6000209A79 /* ShellScript */ = {
			isa = PBXShellScriptBuildPhase;
			buildActionMask = 2147483647;
			files = (
			);
			inputPaths = (
			);
			outputPaths = (
			);
			runOnlyForDeploymentPostprocessing = 0;
			shellPath = /bin/sh;
			shellScript = ./Transmote/autoversioning.sh;
		};
		559953F3FD1247C3AF7279CE /* Check Pods Manifest.lock */ = {
			isa = PBXShellScriptBuildPhase;
			buildActionMask = 2147483647;
			files = (
			);
			inputPaths = (
			);
			name = "Check Pods Manifest.lock";
			outputPaths = (
			);
			runOnlyForDeploymentPostprocessing = 0;
			shellPath = /bin/sh;
			shellScript = "diff \"${PODS_ROOT}/../Podfile.lock\" \"${PODS_ROOT}/Manifest.lock\" > /dev/null\nif [[ $? != 0 ]] ; then\n    cat << EOM\nerror: The sandbox is not in sync with the Podfile.lock. Run 'pod install' or update your CocoaPods installation.\nEOM\n    exit 1\nfi\n";
			showEnvVarsInLog = 0;
		};
		5D98EB75502347C1AFE7D8C7 /* Copy Pods Resources */ = {
			isa = PBXShellScriptBuildPhase;
			buildActionMask = 2147483647;
			files = (
			);
			inputPaths = (
			);
			name = "Copy Pods Resources";
			outputPaths = (
			);
			runOnlyForDeploymentPostprocessing = 0;
			shellPath = /bin/sh;
			shellScript = "\"${SRCROOT}/Pods/Target Support Files/Pods/Pods-resources.sh\"\n";
			showEnvVarsInLog = 0;
		};
/* End PBXShellScriptBuildPhase section */

/* Begin PBXSourcesBuildPhase section */
		22B9DC8D18A5D58B003F5056 /* Sources */ = {
			isa = PBXSourcesBuildPhase;
			buildActionMask = 2147483647;
			files = (
				22E844581920DC9F003456CD /* SESImageView.m in Sources */,
				220A709718A5DDC6008C22F5 /* TRNServer.m in Sources */,
				220A70A218A5F092008C22F5 /* TRNJSONRPCClient.m in Sources */,
				229CEB2D1911FB52004DC29C /* TRNTheMovieDBClient.m in Sources */,
				220A709D18A5E039008C22F5 /* TRNWindowController.m in Sources */,
				220A709A18A5DEE2008C22F5 /* TRNTorrent.m in Sources */,
				22B9DCA118A5D58B003F5056 /* main.m in Sources */,
				22B9DCA818A5D58B003F5056 /* TRNAppDelegate.m in Sources */,
			);
			runOnlyForDeploymentPostprocessing = 0;
		};
		22B9DCAE18A5D58C003F5056 /* Sources */ = {
			isa = PBXSourcesBuildPhase;
			buildActionMask = 2147483647;
			files = (
				22B9DCBF18A5D58C003F5056 /* TransmoteTests.m in Sources */,
			);
			runOnlyForDeploymentPostprocessing = 0;
		};
/* End PBXSourcesBuildPhase section */

/* Begin PBXTargetDependency section */
		22B9DCB718A5D58C003F5056 /* PBXTargetDependency */ = {
			isa = PBXTargetDependency;
			target = 22B9DC9018A5D58B003F5056 /* Transmote */;
			targetProxy = 22B9DCB618A5D58C003F5056 /* PBXContainerItemProxy */;
		};
		22D10D611913DA5800209A79 /* PBXTargetDependency */ = {
			isa = PBXTargetDependency;
			target = 22D10D5C1913DA4300209A79 /* Autoversioning */;
			targetProxy = 22D10D601913DA5800209A79 /* PBXContainerItemProxy */;
		};
/* End PBXTargetDependency section */

/* Begin PBXVariantGroup section */
		22B9DC9D18A5D58B003F5056 /* InfoPlist.strings */ = {
			isa = PBXVariantGroup;
			children = (
				22B9DC9E18A5D58B003F5056 /* en */,
			);
			name = InfoPlist.strings;
			sourceTree = "<group>";
		};
		22B9DCA318A5D58B003F5056 /* Credits.rtf */ = {
			isa = PBXVariantGroup;
			children = (
				22B9DCA418A5D58B003F5056 /* en */,
			);
			name = Credits.rtf;
			sourceTree = "<group>";
		};
		22B9DCA918A5D58C003F5056 /* MainMenu.xib */ = {
			isa = PBXVariantGroup;
			children = (
				22B9DCAA18A5D58C003F5056 /* Base */,
			);
			name = MainMenu.xib;
			sourceTree = "<group>";
		};
		22B9DCBB18A5D58C003F5056 /* InfoPlist.strings */ = {
			isa = PBXVariantGroup;
			children = (
				22B9DCBC18A5D58C003F5056 /* en */,
			);
			name = InfoPlist.strings;
			sourceTree = "<group>";
		};
/* End PBXVariantGroup section */

/* Begin XCBuildConfiguration section */
		22B9DCC018A5D58C003F5056 /* Debug */ = {
			isa = XCBuildConfiguration;
			buildSettings = {
				ALWAYS_SEARCH_USER_PATHS = NO;
				CLANG_CXX_LANGUAGE_STANDARD = "gnu++0x";
				CLANG_CXX_LIBRARY = "libc++";
				CLANG_ENABLE_OBJC_ARC = YES;
				CLANG_WARN_BOOL_CONVERSION = YES;
				CLANG_WARN_CONSTANT_CONVERSION = YES;
				CLANG_WARN_DIRECT_OBJC_ISA_USAGE = YES_ERROR;
				CLANG_WARN_EMPTY_BODY = YES;
				CLANG_WARN_ENUM_CONVERSION = YES;
				CLANG_WARN_INT_CONVERSION = YES;
				CLANG_WARN_OBJC_ROOT_CLASS = YES_ERROR;
				CLANG_WARN__DUPLICATE_METHOD_MATCH = YES;
				COPY_PHASE_STRIP = NO;
				GCC_C_LANGUAGE_STANDARD = gnu99;
				GCC_DYNAMIC_NO_PIC = NO;
				GCC_ENABLE_OBJC_EXCEPTIONS = YES;
				GCC_OPTIMIZATION_LEVEL = 0;
				GCC_PREPROCESSOR_DEFINITIONS = (
					"DEBUG=1",
					"$(inherited)",
				);
				GCC_SYMBOLS_PRIVATE_EXTERN = NO;
				GCC_WARN_64_TO_32_BIT_CONVERSION = YES;
				GCC_WARN_ABOUT_RETURN_TYPE = YES_ERROR;
				GCC_WARN_UNDECLARED_SELECTOR = YES;
				GCC_WARN_UNINITIALIZED_AUTOS = YES;
				GCC_WARN_UNUSED_FUNCTION = YES;
				GCC_WARN_UNUSED_VARIABLE = YES;
				MACOSX_DEPLOYMENT_TARGET = 10.9;
				ONLY_ACTIVE_ARCH = YES;
				SDKROOT = macosx;
			};
			name = Debug;
		};
		22B9DCC118A5D58C003F5056 /* Release */ = {
			isa = XCBuildConfiguration;
			buildSettings = {
				ALWAYS_SEARCH_USER_PATHS = NO;
				CLANG_CXX_LANGUAGE_STANDARD = "gnu++0x";
				CLANG_CXX_LIBRARY = "libc++";
				CLANG_ENABLE_OBJC_ARC = YES;
				CLANG_WARN_BOOL_CONVERSION = YES;
				CLANG_WARN_CONSTANT_CONVERSION = YES;
				CLANG_WARN_DIRECT_OBJC_ISA_USAGE = YES_ERROR;
				CLANG_WARN_EMPTY_BODY = YES;
				CLANG_WARN_ENUM_CONVERSION = YES;
				CLANG_WARN_INT_CONVERSION = YES;
				CLANG_WARN_OBJC_ROOT_CLASS = YES_ERROR;
				CLANG_WARN__DUPLICATE_METHOD_MATCH = YES;
				COPY_PHASE_STRIP = YES;
				DEBUG_INFORMATION_FORMAT = "dwarf-with-dsym";
				ENABLE_NS_ASSERTIONS = NO;
				GCC_C_LANGUAGE_STANDARD = gnu99;
				GCC_ENABLE_OBJC_EXCEPTIONS = YES;
				GCC_WARN_64_TO_32_BIT_CONVERSION = YES;
				GCC_WARN_ABOUT_RETURN_TYPE = YES_ERROR;
				GCC_WARN_UNDECLARED_SELECTOR = YES;
				GCC_WARN_UNINITIALIZED_AUTOS = YES;
				GCC_WARN_UNUSED_FUNCTION = YES;
				GCC_WARN_UNUSED_VARIABLE = YES;
				MACOSX_DEPLOYMENT_TARGET = 10.9;
				SDKROOT = macosx;
			};
			name = Release;
		};
		22B9DCC318A5D58C003F5056 /* Debug */ = {
			isa = XCBuildConfiguration;
			baseConfigurationReference = 5C56541A67A6EF7D564E8B55 /* Pods.debug.xcconfig */;
			buildSettings = {
				ASSETCATALOG_COMPILER_APPICON_NAME = AppIcon;
				CODE_SIGN_IDENTITY = "Developer ID Application";
				"CODE_SIGN_IDENTITY[sdk=macosx*]" = "Mac Developer";
				COMBINE_HIDPI_IMAGES = YES;
				FRAMEWORK_SEARCH_PATHS = (
					"$(inherited)",
					"$(PROJECT_DIR)",
				);
				GCC_PRECOMPILE_PREFIX_HEADER = YES;
				GCC_PREFIX_HEADER = "Transmote/Transmote-Prefix.pch";
				INFOPLIST_FILE = "Transmote/Transmote-Info.plist";
				INFOPLIST_OTHER_PREPROCESSOR_FLAGS = "-traditional";
				INFOPLIST_PREFIX_HEADER = $PROJECT_TEMP_DIR/revision.prefix;
				INFOPLIST_PREPROCESS = YES;
				OTHER_CODE_SIGN_FLAGS = "--deep";
				PRODUCT_NAME = "$(TARGET_NAME)";
				PROVISIONING_PROFILE = "";
				WRAPPER_EXTENSION = app;
			};
			name = Debug;
		};
		22B9DCC418A5D58C003F5056 /* Release */ = {
			isa = XCBuildConfiguration;
			baseConfigurationReference = 9A935D91059BEC1DDA81CE11 /* Pods.release.xcconfig */;
			buildSettings = {
				ASSETCATALOG_COMPILER_APPICON_NAME = AppIcon;
				CODE_SIGN_IDENTITY = "Developer ID Application";
				"CODE_SIGN_IDENTITY[sdk=macosx*]" = "Mac Developer";
				COMBINE_HIDPI_IMAGES = YES;
				FRAMEWORK_SEARCH_PATHS = (
					"$(inherited)",
					"$(PROJECT_DIR)",
				);
				GCC_PRECOMPILE_PREFIX_HEADER = YES;
				GCC_PREFIX_HEADER = "Transmote/Transmote-Prefix.pch";
				INFOPLIST_FILE = "Transmote/Transmote-Info.plist";
				INFOPLIST_OTHER_PREPROCESSOR_FLAGS = "-traditional";
				INFOPLIST_PREFIX_HEADER = $PROJECT_TEMP_DIR/revision.prefix;
				INFOPLIST_PREPROCESS = YES;
				OTHER_CODE_SIGN_FLAGS = "--deep";
				PRODUCT_NAME = "$(TARGET_NAME)";
				PROVISIONING_PROFILE = "";
				WRAPPER_EXTENSION = app;
			};
			name = Release;
		};
		22B9DCC618A5D58C003F5056 /* Debug */ = {
			isa = XCBuildConfiguration;
			buildSettings = {
				BUNDLE_LOADER = "$(BUILT_PRODUCTS_DIR)/Transmote.app/Contents/MacOS/Transmote";
				COMBINE_HIDPI_IMAGES = YES;
				FRAMEWORK_SEARCH_PATHS = (
					"$(DEVELOPER_FRAMEWORKS_DIR)",
					"$(inherited)",
				);
				GCC_PRECOMPILE_PREFIX_HEADER = YES;
				GCC_PREFIX_HEADER = "Transmote/Transmote-Prefix.pch";
				GCC_PREPROCESSOR_DEFINITIONS = (
					"DEBUG=1",
					"$(inherited)",
				);
				INFOPLIST_FILE = "TransmoteTests/TransmoteTests-Info.plist";
				PRODUCT_NAME = "$(TARGET_NAME)";
				TEST_HOST = "$(BUNDLE_LOADER)";
				WRAPPER_EXTENSION = xctest;
			};
			name = Debug;
		};
		22B9DCC718A5D58C003F5056 /* Release */ = {
			isa = XCBuildConfiguration;
			buildSettings = {
				BUNDLE_LOADER = "$(BUILT_PRODUCTS_DIR)/Transmote.app/Contents/MacOS/Transmote";
				COMBINE_HIDPI_IMAGES = YES;
				FRAMEWORK_SEARCH_PATHS = (
					"$(DEVELOPER_FRAMEWORKS_DIR)",
					"$(inherited)",
				);
				GCC_PRECOMPILE_PREFIX_HEADER = YES;
				GCC_PREFIX_HEADER = "Transmote/Transmote-Prefix.pch";
				INFOPLIST_FILE = "TransmoteTests/TransmoteTests-Info.plist";
				PRODUCT_NAME = "$(TARGET_NAME)";
				TEST_HOST = "$(BUNDLE_LOADER)";
				WRAPPER_EXTENSION = xctest;
			};
			name = Release;
		};
		22D10D5E1913DA4300209A79 /* Debug */ = {
			isa = XCBuildConfiguration;
			buildSettings = {
				PRODUCT_NAME = "$(TARGET_NAME)";
			};
			name = Debug;
		};
		22D10D5F1913DA4300209A79 /* Release */ = {
			isa = XCBuildConfiguration;
			buildSettings = {
				PRODUCT_NAME = "$(TARGET_NAME)";
			};
			name = Release;
		};
/* End XCBuildConfiguration section */

/* Begin XCConfigurationList section */
		22B9DC8C18A5D58B003F5056 /* Build configuration list for PBXProject "Transmote" */ = {
			isa = XCConfigurationList;
			buildConfigurations = (
				22B9DCC018A5D58C003F5056 /* Debug */,
				22B9DCC118A5D58C003F5056 /* Release */,
			);
			defaultConfigurationIsVisible = 0;
			defaultConfigurationName = Release;
		};
		22B9DCC218A5D58C003F5056 /* Build configuration list for PBXNativeTarget "Transmote" */ = {
			isa = XCConfigurationList;
			buildConfigurations = (
				22B9DCC318A5D58C003F5056 /* Debug */,
				22B9DCC418A5D58C003F5056 /* Release */,
			);
			defaultConfigurationIsVisible = 0;
			defaultConfigurationName = Release;
		};
		22B9DCC518A5D58C003F5056 /* Build configuration list for PBXNativeTarget "TransmoteTests" */ = {
			isa = XCConfigurationList;
			buildConfigurations = (
				22B9DCC618A5D58C003F5056 /* Debug */,
				22B9DCC718A5D58C003F5056 /* Release */,
			);
			defaultConfigurationIsVisible = 0;
			defaultConfigurationName = Release;
		};
		22D10D5D1913DA4300209A79 /* Build configuration list for PBXAggregateTarget "Autoversioning" */ = {
			isa = XCConfigurationList;
			buildConfigurations = (
				22D10D5E1913DA4300209A79 /* Debug */,
				22D10D5F1913DA4300209A79 /* Release */,
			);
			defaultConfigurationIsVisible = 0;
			defaultConfigurationName = Release;
		};
/* End XCConfigurationList section */
	};
	rootObject = 22B9DC8918A5D58B003F5056 /* Project object */;
}
